
Microsoft Visual Studio Solution File, Format Version 12.00
# Visual Studio 15
VisualStudioVersion = 15.0.28010.2046
MinimumVisualStudioVersion = 10.0.40219.1
Project("{FAE04EC0-301F-11D3-BF4B-00C04F79EFBC}") = "Simple MySQL Viewer", "Simple MySQL Viewer\Simple MySQL Viewer.csproj", "{F3148CC0-39D9-4238-AC61-30457976C852}"
EndProject
Global
	GlobalSection(SolutionConfigurationPlatforms) = preSolution
		Debug|Any CPU = Debug|Any CPU
		Release|Any CPU = Release|Any CPU
	EndGlobalSection
	GlobalSection(ProjectConfigurationPlatforms) = postSolution
		{F3148CC0-39D9-4238-AC61-30457976C852}.Debug|Any CPU.ActiveCfg = Debug|Any CPU
		{F3148CC0-39D9-4238-AC61-30457976C852}.Debug|Any CPU.Build.0 = Debug|Any CPU
		{F3148CC0-39D9-4238-AC61-30457976C852}.Release|Any CPU.ActiveCfg = Release|Any CPU
		{F3148CC0-39D9-4238-AC61-30457976C852}.Release|Any CPU.Build.0 = Release|Any CPU
	EndGlobalSection
	GlobalSection(SolutionProperties) = preSolution
		HideSolutionNode = FALSE
	EndGlobalSection
	GlobalSection(ExtensibilityGlobals) = postSolution
		SolutionGuid = {A84E59FF-66F9-4377-9690-21CB41311C32}
	EndGlobalSection
EndGlobal
